PODS:
  - Hero (1.4.0)
  - Realm (3.14.1):
    - Realm/Headers (= 3.14.1)
  - Realm/Headers (3.14.1)
  - RealmSwift (3.14.1):
    - Realm (= 3.14.1)

DEPENDENCIES:
  - Hero
  - RealmSwift

SPEC REPOS:
  https://github.com/cocoapods/specs.git:
    - Hero
    - Realm
    - RealmSwift

SPEC CHECKSUMS:
  Hero: bac92350d7201a1a940003e0767c7b52ce7c99a1
  Realm: e12c9c2387d05c5bba3a9c394838f5870e85763b
  RealmSwift: a82eab9b04c3e1616082c7e17aa300740847769c

PODFILE CHECKSUM: b257cbbe29a34e46cac43ab7bf0514cb59ef3379

COCOAPODS: 1.6.1
